
Microsoft Visual Studio Solution File, Format Version 12.00
# Visual Studio Version 17
VisualStudioVersion = 17.11.35327.3
MinimumVisualStudioVersion = 10.0.40219.1
Project("{9A19103F-16F7-4668-BE54-9A1E7A4F7556}") = "RunCmd", "RunCmd\RunCmd.csproj", "{DFDC1B4E-868E-435E-896E-515108BD3F9D}"
EndProject
Global
	GlobalSection(SolutionConfigurationPlatforms) = preSolution
		24HoursOnly|Any CPU = 24HoursOnly|Any CPU
		Debug|Any CPU = Debug|Any CPU
		Release|Any CPU = Release|Any CPU
	EndGlobalSection
	GlobalSection(ProjectConfigurationPlatforms) = postSolution
		{DFDC1B4E-868E-435E-896E-515108BD3F9D}.24HoursOnly|Any CPU.ActiveCfg = 24HoursOnly|Any CPU
		{DFDC1B4E-868E-435E-896E-515108BD3F9D}.24HoursOnly|Any CPU.Build.0 = 24HoursOnly|Any CPU
		{DFDC1B4E-868E-435E-896E-515108BD3F9D}.Debug|Any CPU.ActiveCfg = Debug|Any CPU
		{DFDC1B4E-868E-435E-896E-515108BD3F9D}.Debug|Any CPU.Build.0 = Debug|Any CPU
		{DFDC1B4E-868E-435E-896E-515108BD3F9D}.Release|Any CPU.ActiveCfg = Release|Any CPU
		{DFDC1B4E-868E-435E-896E-515108BD3F9D}.Release|Any CPU.Build.0 = Release|Any CPU
	EndGlobalSection
	GlobalSection(SolutionProperties) = preSolution
		HideSolutionNode = FALSE
	EndGlobalSection
	GlobalSection(ExtensibilityGlobals) = postSolution
		SolutionGuid = {F50B4CFB-0C71-4A75-B5B8-CAB053283C25}
	EndGlobalSection
EndGlobal
